
Microsoft Visual Studio Solution File, Format Version 12.00
# Visual Studio 14
VisualStudioVersion = 14.0.25420.1
MinimumVisualStudioVersion = 10.0.40219.1
Project("{FAE04EC0-301F-11D3-BF4B-00C04F79EFBC}") = "Demo.Repository", "Person.Contract\Demo.Repository.csproj", "{0C1333F3-E25E-4F80-80ED-A0A7AF823104}"
EndProject
Project("{FAE04EC0-301F-11D3-BF4B-00C04F79EFBC}") = "Demo.UI", "Demo.UI\Demo.UI.csproj", "{C098B10E-7C94-4C53-A7F6-B07DBFFD4A24}"
EndProject
Global
	GlobalSection(SolutionConfigurationPlatforms) = preSolution
		Debug|Any CPU = Debug|Any CPU
		Release|Any CPU = Release|Any CPU
	EndGlobalSection
	GlobalSection(ProjectConfigurationPlatforms) = postSolution
		{0C1333F3-E25E-4F80-80ED-A0A7AF823104}.Debug|Any CPU.ActiveCfg = Debug|Any CPU
		{0C1333F3-E25E-4F80-80ED-A0A7AF823104}.Debug|Any CPU.Build.0 = Debug|Any CPU
		{0C1333F3-E25E-4F80-80ED-A0A7AF823104}.Release|Any CPU.ActiveCfg = Release|Any CPU
		{0C1333F3-E25E-4F80-80ED-A0A7AF823104}.Release|Any CPU.Build.0 = Release|Any CPU
		{C098B10E-7C94-4C53-A7F6-B07DBFFD4A24}.Debug|Any CPU.ActiveCfg = Debug|Any CPU
		{C098B10E-7C94-4C53-A7F6-B07DBFFD4A24}.Debug|Any CPU.Build.0 = Debug|Any CPU
		{C098B10E-7C94-4C53-A7F6-B07DBFFD4A24}.Release|Any CPU.ActiveCfg = Release|Any CPU
		{C098B10E-7C94-4C53-A7F6-B07DBFFD4A24}.Release|Any CPU.Build.0 = Release|Any CPU
	EndGlobalSection
	GlobalSection(SolutionProperties) = preSolution
		HideSolutionNode = FALSE
	EndGlobalSection
EndGlobal
